
Microsoft Visual Studio Solution File, Format Version 12.00
# Visual Studio Version 16
VisualStudioVersion = 16.0.30523.141
MinimumVisualStudioVersion = 10.0.40219.1
Project("{9A19103F-16F7-4668-BE54-9A1E7A4F7556}") = "CoreTest", "CoreTest\CoreTest.csproj", "{00434AED-B05F-427F-9622-550986A4A440}"
EndProject
Project("{9A19103F-16F7-4668-BE54-9A1E7A4F7556}") = "CoreTest.Service", "CoreTest.Data\CoreTest.Service.csproj", "{A10CD126-E416-41EE-9956-590E5351D552}"
EndProject
Project("{9A19103F-16F7-4668-BE54-9A1E7A4F7556}") = "CoreTest.Entity", "CoreTest.Entity\CoreTest.Entity.csproj", "{AB58E6C6-8E06-4CD6-BC61-4E3BBD8EAE66}"
EndProject
Project("{9A19103F-16F7-4668-BE54-9A1E7A4F7556}") = "CoreTest.App", "CoreTest.App\CoreTest.App.csproj", "{AE85CA35-7A76-40E4-9071-EB4E640F13E0}"
EndProject
Project("{2150E333-8FDC-42A3-9474-1A3956D46DE8}") = "Document", "Document", "{898FEF5D-3754-42AB-89E7-C1C846940CC6}"
	ProjectSection(SolutionItems) = preProject
		..\..\..\Desktop\docker命令.txt = ..\..\..\Desktop\docker命令.txt
		..\..\..\Desktop\EF生成命令.txt = ..\..\..\Desktop\EF生成命令.txt
	EndProjectSection
EndProject
Global
	GlobalSection(SolutionConfigurationPlatforms) = preSolution
		Debug|Any CPU = Debug|Any CPU
		Release|Any CPU = Release|Any CPU
	EndGlobalSection
	GlobalSection(ProjectConfigurationPlatforms) = postSolution
		{00434AED-B05F-427F-9622-550986A4A440}.Debug|Any CPU.ActiveCfg = Debug|Any CPU
		{00434AED-B05F-427F-9622-550986A4A440}.Debug|Any CPU.Build.0 = Debug|Any CPU
		{00434AED-B05F-427F-9622-550986A4A440}.Release|Any CPU.ActiveCfg = Release|Any CPU
		{00434AED-B05F-427F-9622-550986A4A440}.Release|Any CPU.Build.0 = Release|Any CPU
		{A10CD126-E416-41EE-9956-590E5351D552}.Debug|Any CPU.ActiveCfg = Debug|Any CPU
		{A10CD126-E416-41EE-9956-590E5351D552}.Debug|Any CPU.Build.0 = Debug|Any CPU
		{A10CD126-E416-41EE-9956-590E5351D552}.Release|Any CPU.ActiveCfg = Release|Any CPU
		{A10CD126-E416-41EE-9956-590E5351D552}.Release|Any CPU.Build.0 = Release|Any CPU
		{AB58E6C6-8E06-4CD6-BC61-4E3BBD8EAE66}.Debug|Any CPU.ActiveCfg = Debug|Any CPU
		{AB58E6C6-8E06-4CD6-BC61-4E3BBD8EAE66}.Debug|Any CPU.Build.0 = Debug|Any CPU
		{AB58E6C6-8E06-4CD6-BC61-4E3BBD8EAE66}.Release|Any CPU.ActiveCfg = Release|Any CPU
		{AB58E6C6-8E06-4CD6-BC61-4E3BBD8EAE66}.Release|Any CPU.Build.0 = Release|Any CPU
		{AE85CA35-7A76-40E4-9071-EB4E640F13E0}.Debug|Any CPU.ActiveCfg = Debug|Any CPU
		{AE85CA35-7A76-40E4-9071-EB4E640F13E0}.Debug|Any CPU.Build.0 = Debug|Any CPU
		{AE85CA35-7A76-40E4-9071-EB4E640F13E0}.Release|Any CPU.ActiveCfg = Release|Any CPU
		{AE85CA35-7A76-40E4-9071-EB4E640F13E0}.Release|Any CPU.Build.0 = Release|Any CPU
	EndGlobalSection
	GlobalSection(SolutionProperties) = preSolution
		HideSolutionNode = FALSE
	EndGlobalSection
	GlobalSection(ExtensibilityGlobals) = postSolution
		SolutionGuid = {AC656E20-4996-430A-AC55-A7A07AC3C63B}
	EndGlobalSection
EndGlobal
